// !$*UTF8*$!
{
	archiveVersion = 1;
	classes = {
	};
	objectVersion = 51;
	objects = {

/* Begin PBXBuildFile section */
		3974083924DC679700E1A62E /* AppDelegate.swift in Sources */ = {isa = PBXBuildFile; fileRef = 3974083824DC679700E1A62E /* AppDelegate.swift */; };
		3974083B24DC679700E1A62E /* SceneDelegate.swift in Sources */ = {isa = PBXBuildFile; fileRef = 3974083A24DC679700E1A62E /* SceneDelegate.swift */; };
		3974083D24DC679700E1A62E /* VideoListViewController.swift in Sources */ = {isa = PBXBuildFile; fileRef = 3974083C24DC679700E1A62E /* VideoListViewController.swift */; };
		3974084024DC679700E1A62E /* Main.storyboard in Resources */ = {isa = PBXBuildFile; fileRef = 3974083E24DC679700E1A62E /* Main.storyboard */; };
		3974084224DC679800E1A62E /* Assets.xcassets in Resources */ = {isa = PBXBuildFile; fileRef = 3974084124DC679800E1A62E /* Assets.xcassets */; };
		3974084524DC679800E1A62E /* LaunchScreen.storyboard in Resources */ = {isa = PBXBuildFile; fileRef = 3974084324DC679800E1A62E /* LaunchScreen.storyboard */; };
		39D7DE7D24DD29A200A0AFDC /* FavoritesViewController.swift in Sources */ = {isa = PBXBuildFile; fileRef = 39D7DE7C24DD29A200A0AFDC /* FavoritesViewController.swift */; };
		39D7DE7F24DD347300A0AFDC /* MainTabBarViewController.swift in Sources */ = {isa = PBXBuildFile; fileRef = 39D7DE7E24DD347300A0AFDC /* MainTabBarViewController.swift */; };
		75A0EB2EA9B8D69E584D5E61 /* Pods_video_player.framework in Frameworks */ = {isa = PBXBuildFile; fileRef = 025E003CF6566FEFB1A60B5E /* Pods_video_player.framework */; };
/* End PBXBuildFile section */

/* Begin PBXFileReference section */
		025E003CF6566FEFB1A60B5E /* Pods_video_player.framework */ = {isa = PBXFileReference; explicitFileType = wrapper.framework; includeInIndex = 0; path = Pods_video_player.framework; sourceTree = BUILT_PRODUCTS_DIR; };
		3974083524DC679700E1A62E /* video_player.app */ = {isa = PBXFileReference; explicitFileType = wrapper.application; includeInIndex = 0; path = video_player.app; sourceTree = BUILT_PRODUCTS_DIR; };
		3974083824DC679700E1A62E /* AppDelegate.swift */ = {isa = PBXFileReference; lastKnownFileType = sourcecode.swift; path = AppDelegate.swift; sourceTree = "<group>"; };
		3974083A24DC679700E1A62E /* SceneDelegate.swift */ = {isa = PBXFileReference; lastKnownFileType = sourcecode.swift; path = SceneDelegate.swift; sourceTree = "<group>"; };
		3974083C24DC679700E1A62E /* VideoListViewController.swift */ = {isa = PBXFileReference; lastKnownFileType = sourcecode.swift; path = VideoListViewController.swift; sourceTree = "<group>"; };
		3974083F24DC679700E1A62E /* Base */ = {isa = PBXFileReference; lastKnownFileType = file.storyboard; name = Base; path = Base.lproj/Main.storyboard; sourceTree = "<group>"; };
		3974084124DC679800E1A62E /* Assets.xcassets */ = {isa = PBXFileReference; lastKnownFileType = folder.assetcatalog; path = Assets.xcassets; sourceTree = "<group>"; };
		3974084424DC679800E1A62E /* Base */ = {isa = PBXFileReference; lastKnownFileType = file.storyboard; name = Base; path = Base.lproj/LaunchScreen.storyboard; sourceTree = "<group>"; };
		3974084624DC679800E1A62E /* Info.plist */ = {isa = PBXFileReference; lastKnownFileType = text.plist.xml; path = Info.plist; sourceTree = "<group>"; };
		39D7DE7C24DD29A200A0AFDC /* FavoritesViewController.swift */ = {isa = PBXFileReference; lastKnownFileType = sourcecode.swift; path = FavoritesViewController.swift; sourceTree = "<group>"; };
		39D7DE7E24DD347300A0AFDC /* MainTabBarViewController.swift */ = {isa = PBXFileReference; lastKnownFileType = sourcecode.swift; path = MainTabBarViewController.swift; sourceTree = "<group>"; };
		8DDA0892405F6E7BECB1D7AB /* Pods-video_player.debug.xcconfig */ = {isa = PBXFileReference; includeInIndex = 1; lastKnownFileType = text.xcconfig; name = "Pods-video_player.debug.xcconfig"; path = "Target Support Files/Pods-video_player/Pods-video_player.debug.xcconfig"; sourceTree = "<group>"; };
		B87D0BD946ABD2AAB16B76C1 /* Pods-video_player.release.xcconfig */ = {isa = PBXFileReference; includeInIndex = 1; lastKnownFileType = text.xcconfig; name = "Pods-video_player.release.xcconfig"; path = "Target Support Files/Pods-video_player/Pods-video_player.release.xcconfig"; sourceTree = "<group>"; };
/* End PBXFileReference section */

/* Begin PBXFrameworksBuildPhase section */
		3974083224DC679700E1A62E /* Frameworks */ = {
			isa = PBXFrameworksBuildPhase;
			buildActionMask = 2147483647;
			files = (
				75A0EB2EA9B8D69E584D5E61 /* Pods_video_player.framework in Frameworks */,
			);
			runOnlyForDeploymentPostprocessing = 0;
		};
/* End PBXFrameworksBuildPhase section */

/* Begin PBXGroup section */
		3974082C24DC679700E1A62E = {
			isa = PBXGroup;
			children = (
				3974083724DC679700E1A62E /* video_player */,
				3974083624DC679700E1A62E /* Products */,
				D62D0EBB6D6AA8F1440B7D7B /* Pods */,
				72D546097CF352E18B160D1B /* Frameworks */,
			);
			sourceTree = "<group>";
		};
		3974083624DC679700E1A62E /* Products */ = {
			isa = PBXGroup;
			children = (
				3974083524DC679700E1A62E /* video_player.app */,
			);
			name = Products;
			sourceTree = "<group>";
		};
		3974083724DC679700E1A62E /* video_player */ = {
			isa = PBXGroup;
			children = (
				3974083824DC679700E1A62E /* AppDelegate.swift */,
				3974083A24DC679700E1A62E /* SceneDelegate.swift */,
				3974083C24DC679700E1A62E /* VideoListViewController.swift */,
				39D7DE7C24DD29A200A0AFDC /* FavoritesViewController.swift */,
				3974083E24DC679700E1A62E /* Main.storyboard */,
				3974084124DC679800E1A62E /* Assets.xcassets */,
				3974084324DC679800E1A62E /* LaunchScreen.storyboard */,
				3974084624DC679800E1A62E /* Info.plist */,
				39D7DE7E24DD347300A0AFDC /* MainTabBarViewController.swift */,
			);
			path = video_player;
			sourceTree = "<group>";
		};
		72D546097CF352E18B160D1B /* Frameworks */ = {
			isa = PBXGroup;
			children = (
				025E003CF6566FEFB1A60B5E /* Pods_video_player.framework */,
			);
			name = Frameworks;
			sourceTree = "<group>";
		};
		D62D0EBB6D6AA8F1440B7D7B /* Pods */ = {
			isa = PBXGroup;
			children = (
				8DDA0892405F6E7BECB1D7AB /* Pods-video_player.debug.xcconfig */,
				B87D0BD946ABD2AAB16B76C1 /* Pods-video_player.release.xcconfig */,
			);
			path = Pods;
			sourceTree = "<group>";
		};
/* End PBXGroup section */

/* Begin PBXNativeTarget section */
		3974083424DC679700E1A62E /* video_player */ = {
			isa = PBXNativeTarget;
			buildConfigurationList = 3974084924DC679800E1A62E /* Build configuration list for PBXNativeTarget "video_player" */;
			buildPhases = (
				BA65E1E69ECF803C9B40ECF3 /* [CP] Check Pods Manifest.lock */,
				3974083124DC679700E1A62E /* Sources */,
				3974083224DC679700E1A62E /* Frameworks */,
				3974083324DC679700E1A62E /* Resources */,
				AAE763067EFCA112AF5996F9 /* [CP] Embed Pods Frameworks */,
			);
			buildRules = (
			);
			dependencies = (
			);
			name = video_player;
			productName = video_player;
			productReference = 3974083524DC679700E1A62E /* video_player.app */;
			productType = "com.apple.product-type.application";
		};
/* End PBXNativeTarget section */

/* Begin PBXProject section */
		3974082D24DC679700E1A62E /* Project object */ = {
			isa = PBXProject;
			attributes = {
				LastSwiftUpdateCheck = 1120;
				LastUpgradeCheck = 1120;
				ORGANIZATIONNAME = "Тимур Каримов";
				TargetAttributes = {
					3974083424DC679700E1A62E = {
						CreatedOnToolsVersion = 11.2;
					};
				};
			};
			buildConfigurationList = 3974083024DC679700E1A62E /* Build configuration list for PBXProject "video_player" */;
			compatibilityVersion = "Xcode 9.3";
			developmentRegion = en;
			hasScannedForEncodings = 0;
			knownRegions = (
				en,
				Base,
			);
			mainGroup = 3974082C24DC679700E1A62E;
			productRefGroup = 3974083624DC679700E1A62E /* Products */;
			projectDirPath = "";
			projectRoot = "";
			targets = (
				3974083424DC679700E1A62E /* video_player */,
			);
		};
/* End PBXProject section */

/* Begin PBXResourcesBuildPhase section */
		3974083324DC679700E1A62E /* Resources */ = {
			isa = PBXResourcesBuildPhase;
			buildActionMask = 2147483647;
			files = (
				3974084524DC679800E1A62E /* LaunchScreen.storyboard in Resources */,
				3974084224DC679800E1A62E /* Assets.xcassets in Resources */,
				3974084024DC679700E1A62E /* Main.storyboard in Resources */,
			);
			runOnlyForDeploymentPostprocessing = 0;
		};
/* End PBXResourcesBuildPhase section */

/* Begin PBXShellScriptBuildPhase section */
		AAE763067EFCA112AF5996F9 /* [CP] Embed Pods Frameworks */ = {
			isa = PBXShellScriptBuildPhase;
			buildActionMask = 2147483647;
			files = (
			);
			inputFileListPaths = (
				"${PODS_ROOT}/Target Support Files/Pods-video_player/Pods-video_player-frameworks-${CONFIGURATION}-input-files.xcfilelist",
			);
			name = "[CP] Embed Pods Frameworks";
			outputFileListPaths = (
				"${PODS_ROOT}/Target Support Files/Pods-video_player/Pods-video_player-frameworks-${CONFIGURATION}-output-files.xcfilelist",
			);
			runOnlyForDeploymentPostprocessing = 0;
			shellPath = /bin/sh;
			shellScript = "\"${PODS_ROOT}/Target Support Files/Pods-video_player/Pods-video_player-frameworks.sh\"\n";
			showEnvVarsInLog = 0;
		};
		BA65E1E69ECF803C9B40ECF3 /* [CP] Check Pods Manifest.lock */ = {
			isa = PBXShellScriptBuildPhase;
			buildActionMask = 2147483647;
			files = (
			);
			inputFileListPaths = (
			);
			inputPaths = (
				"${PODS_PODFILE_DIR_PATH}/Podfile.lock",
				"${PODS_ROOT}/Manifest.lock",
			);
			name = "[CP] Check Pods Manifest.lock";
			outputFileListPaths = (
			);
			outputPaths = (
				"$(DERIVED_FILE_DIR)/Pods-video_player-checkManifestLockResult.txt",
			);
			runOnlyForDeploymentPostprocessing = 0;
			shellPath = /bin/sh;
			shellScript = "diff \"${PODS_PODFILE_DIR_PATH}/Podfile.lock\" \"${PODS_ROOT}/Manifest.lock\" > /dev/null\nif [ $? != 0 ] ; then\n    # print error to STDERR\n    echo \"error: The sandbox is not in sync with the Podfile.lock. Run 'pod install' or update your CocoaPods installation.\" >&2\n    exit 1\nfi\n# This output is used by Xcode 'outputs' to avoid re-running this script phase.\necho \"SUCCESS\" > \"${SCRIPT_OUTPUT_FILE_0}\"\n";
			showEnvVarsInLog = 0;
		};
/* End PBXShellScriptBuildPhase section */

/* Begin PBXSourcesBuildPhase section */
		3974083124DC679700E1A62E /* Sources */ = {
			isa = PBXSourcesBuildPhase;
			buildActionMask = 2147483647;
			files = (
				39D7DE7F24DD347300A0AFDC /* MainTabBarViewController.swift in Sources */,
				3974083D24DC679700E1A62E /* VideoListViewController.swift in Sources */,
				3974083924DC679700E1A62E /* AppDelegate.swift in Sources */,
				39D7DE7D24DD29A200A0AFDC /* FavoritesViewController.swift in Sources */,
				3974083B24DC679700E1A62E /* SceneDelegate.swift in Sources */,
			);
			runOnlyForDeploymentPostprocessing = 0;
		};
/* End PBXSourcesBuildPhase section */

/* Begin PBXVariantGroup section */
		3974083E24DC679700E1A62E /* Main.storyboard */ = {
			isa = PBXVariantGroup;
			children = (
				3974083F24DC679700E1A62E /* Base */,
			);
			name = Main.storyboard;
			sourceTree = "<group>";
		};
		3974084324DC679800E1A62E /* LaunchScreen.storyboard */ = {
			isa = PBXVariantGroup;
			children = (
				3974084424DC679800E1A62E /* Base */,
			);
			name = LaunchScreen.storyboard;
			sourceTree = "<group>";
		};
/* End PBXVariantGroup section */

/* Begin XCBuildConfiguration section */
		3974084724DC679800E1A62E /* Debug */ = {
			isa = XCBuildConfiguration;
			buildSettings = {
				ALWAYS_SEARCH_USER_PATHS = NO;
				CLANG_ANALYZER_NONNULL = YES;
				CLANG_ANALYZER_NUMBER_OBJECT_CONVERSION = YES_AGGRESSIVE;
				CLANG_CXX_LANGUAGE_STANDARD = "gnu++14";
				CLANG_CXX_LIBRARY = "libc++";
				CLANG_ENABLE_MODULES = YES;
				CLANG_ENABLE_OBJC_ARC = YES;
				CLANG_ENABLE_OBJC_WEAK = YES;
				CLANG_WARN_BLOCK_CAPTURE_AUTORELEASING = YES;
				CLANG_WARN_BOOL_CONVERSION = YES;
				CLANG_WARN_COMMA = YES;
				CLANG_WARN_CONSTANT_CONVERSION = YES;
				CLANG_WARN_DEPRECATED_OBJC_IMPLEMENTATIONS = YES;
				CLANG_WARN_DIRECT_OBJC_ISA_USAGE = YES_ERROR;
				CLANG_WARN_DOCUMENTATION_COMMENTS = YES;
				CLANG_WARN_EMPTY_BODY = YES;
				CLANG_WARN_ENUM_CONVERSION = YES;
				CLANG_WARN_INFINITE_RECURSION = YES;
				CLANG_WARN_INT_CONVERSION = YES;
				CLANG_WARN_NON_LITERAL_NULL_CONVERSION = YES;
				CLANG_WARN_OBJC_IMPLICIT_RETAIN_SELF = YES;
				CLANG_WARN_OBJC_LITERAL_CONVERSION = YES;
				CLANG_WARN_OBJC_ROOT_CLASS = YES_ERROR;
				CLANG_WARN_RANGE_LOOP_ANALYSIS = YES;
				CLANG_WARN_STRICT_PROTOTYPES = YES;
				CLANG_WARN_SUSPICIOUS_MOVE = YES;
				CLANG_WARN_UNGUARDED_AVAILABILITY = YES_AGGRESSIVE;
				CLANG_WARN_UNREACHABLE_CODE = YES;
				CLANG_WARN__DUPLICATE_METHOD_MATCH = YES;
				COPY_PHASE_STRIP = NO;
				DEBUG_INFORMATION_FORMAT = dwarf;
				ENABLE_STRICT_OBJC_MSGSEND = YES;
				ENABLE_TESTABILITY = YES;
				GCC_C_LANGUAGE_STANDARD = gnu11;
				GCC_DYNAMIC_NO_PIC = NO;
				GCC_NO_COMMON_BLOCKS = YES;
				GCC_OPTIMIZATION_LEVEL = 0;
				GCC_PREPROCESSOR_DEFINITIONS = (
					"DEBUG=1",
					"$(inherited)",
				);
				GCC_WARN_64_TO_32_BIT_CONVERSION = YES;
				GCC_WARN_ABOUT_RETURN_TYPE = YES_ERROR;
				GCC_WARN_UNDECLARED_SELECTOR = YES;
				GCC_WARN_UNINITIALIZED_AUTOS = YES_AGGRESSIVE;
				GCC_WARN_UNUSED_FUNCTION = YES;
				GCC_WARN_UNUSED_VARIABLE = YES;
				IPHONEOS_DEPLOYMENT_TARGET = 13.2;
				MTL_ENABLE_DEBUG_INFO = INCLUDE_SOURCE;
				MTL_FAST_MATH = YES;
				ONLY_ACTIVE_ARCH = YES;
				SDKROOT = iphoneos;
				SWIFT_ACTIVE_COMPILATION_CONDITIONS = DEBUG;
				SWIFT_OPTIMIZATION_LEVEL = "-Onone";
			};
			name = Debug;
		};
		3974084824DC679800E1A62E /* Release */ = {
			isa = XCBuildConfiguration;
			buildSettings = {
				ALWAYS_SEARCH_USER_PATHS = NO;
				CLANG_ANALYZER_NONNULL = YES;
				CLANG_ANALYZER_NUMBER_OBJECT_CONVERSION = YES_AGGRESSIVE;
				CLANG_CXX_LANGUAGE_STANDARD = "gnu++14";
				CLANG_CXX_LIBRARY = "libc++";
				CLANG_ENABLE_MODULES = YES;
				CLANG_ENABLE_OBJC_ARC = YES;
				CLANG_ENABLE_OBJC_WEAK = YES;
				CLANG_WARN_BLOCK_CAPTURE_AUTORELEASING = YES;
				CLANG_WARN_BOOL_CONVERSION = YES;
				CLANG_WARN_COMMA = YES;
				CLANG_WARN_CONSTANT_CONVERSION = YES;
				CLANG_WARN_DEPRECATED_OBJC_IMPLEMENTATIONS = YES;
				CLANG_WARN_DIRECT_OBJC_ISA_USAGE = YES_ERROR;
				CLANG_WARN_DOCUMENTATION_COMMENTS = YES;
				CLANG_WARN_EMPTY_BODY = YES;
				CLANG_WARN_ENUM_CONVERSION = YES;
				CLANG_WARN_INFINITE_RECURSION = YES;
				CLANG_WARN_INT_CONVERSION = YES;
				CLANG_WARN_NON_LITERAL_NULL_CONVERSION = YES;
				CLANG_WARN_OBJC_IMPLICIT_RETAIN_SELF = YES;
				CLANG_WARN_OBJC_LITERAL_CONVERSION = YES;
				CLANG_WARN_OBJC_ROOT_CLASS = YES_ERROR;
				CLANG_WARN_RANGE_LOOP_ANALYSIS = YES;
				CLANG_WARN_STRICT_PROTOTYPES = YES;
				CLANG_WARN_SUSPICIOUS_MOVE = YES;
				CLANG_WARN_UNGUARDED_AVAILABILITY = YES_AGGRESSIVE;
				CLANG_WARN_UNREACHABLE_CODE = YES;
				CLANG_WARN__DUPLICATE_METHOD_MATCH = YES;
				COPY_PHASE_STRIP = NO;
				DEBUG_INFORMATION_FORMAT = "dwarf-with-dsym";
				ENABLE_NS_ASSERTIONS = NO;
				ENABLE_STRICT_OBJC_MSGSEND = YES;
				GCC_C_LANGUAGE_STANDARD = gnu11;
				GCC_NO_COMMON_BLOCKS = YES;
				GCC_WARN_64_TO_32_BIT_CONVERSION = YES;
				GCC_WARN_ABOUT_RETURN_TYPE = YES_ERROR;
				GCC_WARN_UNDECLARED_SELECTOR = YES;
				GCC_WARN_UNINITIALIZED_AUTOS = YES_AGGRESSIVE;
				GCC_WARN_UNUSED_FUNCTION = YES;
				GCC_WARN_UNUSED_VARIABLE = YES;
				IPHONEOS_DEPLOYMENT_TARGET = 13.2;
				MTL_ENABLE_DEBUG_INFO = NO;
				MTL_FAST_MATH = YES;
				SDKROOT = iphoneos;
				SWIFT_COMPILATION_MODE = wholemodule;
				SWIFT_OPTIMIZATION_LEVEL = "-O";
				VALIDATE_PRODUCT = YES;
			};
			name = Release;
		};
		3974084A24DC679800E1A62E /* Debug */ = {
			isa = XCBuildConfiguration;
			baseConfigurationReference = 8DDA0892405F6E7BECB1D7AB /* Pods-video_player.debug.xcconfig */;
			buildSettings = {
				ASSETCATALOG_COMPILER_APPICON_NAME = AppIcon;
				CODE_SIGN_STYLE = Automatic;
				DEVELOPMENT_TEAM = TVV66ML88S;
				INFOPLIST_FILE = video_player/Info.plist;
				LD_RUNPATH_SEARCH_PATHS = (
					"$(inherited)",
					"@executable_path/Frameworks",
				);
				PRODUCT_BUNDLE_IDENTIFIER = "Volgatech.video-player";
				PRODUCT_NAME = "$(TARGET_NAME)";
				SWIFT_VERSION = 5.0;
				TARGETED_DEVICE_FAMILY = "1,2";
			};
			name = Debug;
		};
		3974084B24DC679800E1A62E /* Release */ = {
			isa = XCBuildConfiguration;
			baseConfigurationReference = B87D0BD946ABD2AAB16B76C1 /* Pods-video_player.release.xcconfig */;
			buildSettings = {
				ASSETCATALOG_COMPILER_APPICON_NAME = AppIcon;
				CODE_SIGN_STYLE = Automatic;
				DEVELOPMENT_TEAM = TVV66ML88S;
				INFOPLIST_FILE = video_player/Info.plist;
				LD_RUNPATH_SEARCH_PATHS = (
					"$(inherited)",
					"@executable_path/Frameworks",
				);
				PRODUCT_BUNDLE_IDENTIFIER = "Volgatech.video-player";
				PRODUCT_NAME = "$(TARGET_NAME)";
				SWIFT_VERSION = 5.0;
				TARGETED_DEVICE_FAMILY = "1,2";
			};
			name = Release;
		};
/* End XCBuildConfiguration section */

/* Begin XCConfigurationList section */
		3974083024DC679700E1A62E /* Build configuration list for PBXProject "video_player" */ = {
			isa = XCConfigurationList;
			buildConfigurations = (
				3974084724DC679800E1A62E /* Debug */,
				3974084824DC679800E1A62E /* Release */,
			);
			defaultConfigurationIsVisible = 0;
			defaultConfigurationName = Release;
		};
		3974084924DC679800E1A62E /* Build configuration list for PBXNativeTarget "video_player" */ = {
			isa = XCConfigurationList;
			buildConfigurations = (
				3974084A24DC679800E1A62E /* Debug */,
				3974084B24DC679800E1A62E /* Release */,
			);
			defaultConfigurationIsVisible = 0;
			defaultConfigurationName = Release;
		};
/* End XCConfigurationList section */
	};
	rootObject = 3974082D24DC679700E1A62E /* Project object */;
}
